// !$*UTF8*$!
{
	archiveVersion = 1;
	classes = {
	};
	objectVersion = 46;
	objects = {

/* Begin PBXBuildFile section */
		ED1A8C991F89B65300C3ABB6 /* main.cpp in Sources */ = {isa = PBXBuildFile; fileRef = ED1A8C981F89B65300C3ABB6 /* main.cpp */; };
		ED1A8CA71F89B69800C3ABB6 /* Client.cpp in Sources */ = {isa = PBXBuildFile; fileRef = ED1A8C9F1F89B69800C3ABB6 /* Client.cpp */; };
		ED1A8CA81F89B69800C3ABB6 /* Server.cpp in Sources */ = {isa = PBXBuildFile; fileRef = ED1A8CA21F89B69800C3ABB6 /* Server.cpp */; };
		ED1A8CA91F89B69800C3ABB6 /* UDPServer.cpp in Sources */ = {isa = PBXBuildFile; fileRef = ED1A8CA51F89B69800C3ABB6 /* UDPServer.cpp */; };
/* End PBXBuildFile section */

/* Begin PBXCopyFilesBuildPhase section */
		ED1A8C931F89B65300C3ABB6 /* CopyFiles */ = {
			isa = PBXCopyFilesBuildPhase;
			buildActionMask = 2147483647;
			dstPath = /usr/share/man/man1/;
			dstSubfolderSpec = 0;
			files = (
			);
			runOnlyForDeploymentPostprocessing = 1;
		};
/* End PBXCopyFilesBuildPhase section */

/* Begin PBXFileReference section */
		ED1A8C951F89B65300C3ABB6 /* Chat */ = {isa = PBXFileReference; explicitFileType = "compiled.mach-o.executable"; includeInIndex = 0; path = Chat; sourceTree = BUILT_PRODUCTS_DIR; };
		ED1A8C981F89B65300C3ABB6 /* main.cpp */ = {isa = PBXFileReference; lastKnownFileType = sourcecode.cpp.cpp; path = main.cpp; sourceTree = "<group>"; };
		ED1A8C9F1F89B69800C3ABB6 /* Client.cpp */ = {isa = PBXFileReference; fileEncoding = 4; lastKnownFileType = sourcecode.cpp.cpp; path = Client.cpp; sourceTree = "<group>"; };
		ED1A8CA01F89B69800C3ABB6 /* Client.h */ = {isa = PBXFileReference; fileEncoding = 4; lastKnownFileType = sourcecode.c.h; path = Client.h; sourceTree = "<group>"; };
		ED1A8CA11F89B69800C3ABB6 /* List.h */ = {isa = PBXFileReference; fileEncoding = 4; lastKnownFileType = sourcecode.c.h; path = List.h; sourceTree = "<group>"; };
		ED1A8CA21F89B69800C3ABB6 /* Server.cpp */ = {isa = PBXFileReference; fileEncoding = 4; lastKnownFileType = sourcecode.cpp.cpp; path = Server.cpp; sourceTree = "<group>"; };
		ED1A8CA31F89B69800C3ABB6 /* Server.h */ = {isa = PBXFileReference; fileEncoding = 4; lastKnownFileType = sourcecode.c.h; path = Server.h; sourceTree = "<group>"; };
		ED1A8CA41F89B69800C3ABB6 /* UDPMessage.h */ = {isa = PBXFileReference; fileEncoding = 4; lastKnownFileType = sourcecode.c.h; path = UDPMessage.h; sourceTree = "<group>"; };
		ED1A8CA51F89B69800C3ABB6 /* UDPServer.cpp */ = {isa = PBXFileReference; fileEncoding = 4; lastKnownFileType = sourcecode.cpp.cpp; path = UDPServer.cpp; sourceTree = "<group>"; };
		ED1A8CA61F89B69800C3ABB6 /* UDPServer.h */ = {isa = PBXFileReference; fileEncoding = 4; lastKnownFileType = sourcecode.c.h; path = UDPServer.h; sourceTree = "<group>"; };
/* End PBXFileReference section */

/* Begin PBXFrameworksBuildPhase section */
		ED1A8C921F89B65300C3ABB6 /* Frameworks */ = {
			isa = PBXFrameworksBuildPhase;
			buildActionMask = 2147483647;
			files = (
			);
			runOnlyForDeploymentPostprocessing = 0;
		};
/* End PBXFrameworksBuildPhase section */

/* Begin PBXGroup section */
		ED1A8C8C1F89B65300C3ABB6 = {
			isa = PBXGroup;
			children = (
				ED1A8C971F89B65300C3ABB6 /* Chat */,
				ED1A8C961F89B65300C3ABB6 /* Products */,
			);
			sourceTree = "<group>";
		};
		ED1A8C961F89B65300C3ABB6 /* Products */ = {
			isa = PBXGroup;
			children = (
				ED1A8C951F89B65300C3ABB6 /* Chat */,
			);
			name = Products;
			sourceTree = "<group>";
		};
		ED1A8C971F89B65300C3ABB6 /* Chat */ = {
			isa = PBXGroup;
			children = (
				ED1A8C9F1F89B69800C3ABB6 /* Client.cpp */,
				ED1A8CA01F89B69800C3ABB6 /* Client.h */,
				ED1A8CA11F89B69800C3ABB6 /* List.h */,
				ED1A8CA21F89B69800C3ABB6 /* Server.cpp */,
				ED1A8CA31F89B69800C3ABB6 /* Server.h */,
				ED1A8CA41F89B69800C3ABB6 /* UDPMessage.h */,
				ED1A8CA51F89B69800C3ABB6 /* UDPServer.cpp */,
				ED1A8CA61F89B69800C3ABB6 /* UDPServer.h */,
				ED1A8C981F89B65300C3ABB6 /* main.cpp */,
			);
			path = Chat;
			sourceTree = "<group>";
		};
/* End PBXGroup section */

/* Begin PBXNativeTarget section */
		ED1A8C941F89B65300C3ABB6 /* Chat */ = {
			isa = PBXNativeTarget;
			buildConfigurationList = ED1A8C9C1F89B65300C3ABB6 /* Build configuration list for PBXNativeTarget "Chat" */;
			buildPhases = (
				ED1A8C911F89B65300C3ABB6 /* Sources */,
				ED1A8C921F89B65300C3ABB6 /* Frameworks */,
				ED1A8C931F89B65300C3ABB6 /* CopyFiles */,
			);
			buildRules = (
			);
			dependencies = (
			);
			name = Chat;
			productName = Chat;
			productReference = ED1A8C951F89B65300C3ABB6 /* Chat */;
			productType = "com.apple.product-type.tool";
		};
/* End PBXNativeTarget section */

/* Begin PBXProject section */
		ED1A8C8D1F89B65300C3ABB6 /* Project object */ = {
			isa = PBXProject;
			attributes = {
				LastUpgradeCheck = 0830;
				ORGANIZATIONNAME = "David Kopala";
				TargetAttributes = {
					ED1A8C941F89B65300C3ABB6 = {
						CreatedOnToolsVersion = 8.3.3;
						ProvisioningStyle = Automatic;
					};
				};
			};
			buildConfigurationList = ED1A8C901F89B65300C3ABB6 /* Build configuration list for PBXProject "Chat" */;
			compatibilityVersion = "Xcode 3.2";
			developmentRegion = English;
			hasScannedForEncodings = 0;
			knownRegions = (
				en,
			);
			mainGroup = ED1A8C8C1F89B65300C3ABB6;
			productRefGroup = ED1A8C961F89B65300C3ABB6 /* Products */;
			projectDirPath = "";
			projectRoot = "";
			targets = (
				ED1A8C941F89B65300C3ABB6 /* Chat */,
			);
		};
/* End PBXProject section */

/* Begin PBXSourcesBuildPhase section */
		ED1A8C911F89B65300C3ABB6 /* Sources */ = {
			isa = PBXSourcesBuildPhase;
			buildActionMask = 2147483647;
			files = (
				ED1A8CA71F89B69800C3ABB6 /* Client.cpp in Sources */,
				ED1A8CA81F89B69800C3ABB6 /* Server.cpp in Sources */,
				ED1A8CA91F89B69800C3ABB6 /* UDPServer.cpp in Sources */,
				ED1A8C991F89B65300C3ABB6 /* main.cpp in Sources */,
			);
			runOnlyForDeploymentPostprocessing = 0;
		};
/* End PBXSourcesBuildPhase section */

/* Begin XCBuildConfiguration section */
		ED1A8C9A1F89B65300C3ABB6 /* Debug */ = {
			isa = XCBuildConfiguration;
			buildSettings = {
				ALWAYS_SEARCH_USER_PATHS = NO;
				CLANG_ANALYZER_NONNULL = YES;
				CLANG_ANALYZER_NUMBER_OBJECT_CONVERSION = YES_AGGRESSIVE;
				CLANG_CXX_LANGUAGE_STANDARD = "gnu++0x";
				CLANG_CXX_LIBRARY = "libc++";
				CLANG_ENABLE_MODULES = YES;
				CLANG_ENABLE_OBJC_ARC = YES;
				CLANG_WARN_BOOL_CONVERSION = YES;
				CLANG_WARN_CONSTANT_CONVERSION = YES;
				CLANG_WARN_DIRECT_OBJC_ISA_USAGE = YES_ERROR;
				CLANG_WARN_DOCUMENTATION_COMMENTS = YES;
				CLANG_WARN_EMPTY_BODY = YES;
				CLANG_WARN_ENUM_CONVERSION = YES;
				CLANG_WARN_INFINITE_RECURSION = YES;
				CLANG_WARN_INT_CONVERSION = YES;
				CLANG_WARN_OBJC_ROOT_CLASS = YES_ERROR;
				CLANG_WARN_SUSPICIOUS_MOVE = YES;
				CLANG_WARN_UNREACHABLE_CODE = YES;
				CLANG_WARN__DUPLICATE_METHOD_MATCH = YES;
				CODE_SIGN_IDENTITY = "-";
				COPY_PHASE_STRIP = NO;
				DEBUG_INFORMATION_FORMAT = dwarf;
				ENABLE_STRICT_OBJC_MSGSEND = YES;
				ENABLE_TESTABILITY = YES;
				GCC_C_LANGUAGE_STANDARD = gnu99;
				GCC_DYNAMIC_NO_PIC = NO;
				GCC_NO_COMMON_BLOCKS = YES;
				GCC_OPTIMIZATION_LEVEL = 0;
				GCC_PREPROCESSOR_DEFINITIONS = (
					"DEBUG=1",
					"$(inherited)",
				);
				GCC_WARN_64_TO_32_BIT_CONVERSION = YES;
				GCC_WARN_ABOUT_RETURN_TYPE = YES_ERROR;
				GCC_WARN_UNDECLARED_SELECTOR = YES;
				GCC_WARN_UNINITIALIZED_AUTOS = YES_AGGRESSIVE;
				GCC_WARN_UNUSED_FUNCTION = YES;
				GCC_WARN_UNUSED_VARIABLE = YES;
				MACOSX_DEPLOYMENT_TARGET = 10.12;
				MTL_ENABLE_DEBUG_INFO = YES;
				ONLY_ACTIVE_ARCH = YES;
				SDKROOT = macosx;
			};
			name = Debug;
		};
		ED1A8C9B1F89B65300C3ABB6 /* Release */ = {
			isa = XCBuildConfiguration;
			buildSettings = {
				ALWAYS_SEARCH_USER_PATHS = NO;
				CLANG_ANALYZER_NONNULL = YES;
				CLANG_ANALYZER_NUMBER_OBJECT_CONVERSION = YES_AGGRESSIVE;
				CLANG_CXX_LANGUAGE_STANDARD = "gnu++0x";
				CLANG_CXX_LIBRARY = "libc++";
				CLANG_ENABLE_MODULES = YES;
				CLANG_ENABLE_OBJC_ARC = YES;
				CLANG_WARN_BOOL_CONVERSION = YES;
				CLANG_WARN_CONSTANT_CONVERSION = YES;
				CLANG_WARN_DIRECT_OBJC_ISA_USAGE = YES_ERROR;
				CLANG_WARN_DOCUMENTATION_COMMENTS = YES;
				CLANG_WARN_EMPTY_BODY = YES;
				CLANG_WARN_ENUM_CONVERSION = YES;
				CLANG_WARN_INFINITE_RECURSION = YES;
				CLANG_WARN_INT_CONVERSION = YES;
				CLANG_WARN_OBJC_ROOT_CLASS = YES_ERROR;
				CLANG_WARN_SUSPICIOUS_MOVE = YES;
				CLANG_WARN_UNREACHABLE_CODE = YES;
				CLANG_WARN__DUPLICATE_METHOD_MATCH = YES;
				CODE_SIGN_IDENTITY = "-";
				COPY_PHASE_STRIP = NO;
				DEBUG_INFORMATION_FORMAT = "dwarf-with-dsym";
				ENABLE_NS_ASSERTIONS = NO;
				ENABLE_STRICT_OBJC_MSGSEND = YES;
				GCC_C_LANGUAGE_STANDARD = gnu99;
				GCC_NO_COMMON_BLOCKS = YES;
				GCC_WARN_64_TO_32_BIT_CONVERSION = YES;
				GCC_WARN_ABOUT_RETURN_TYPE = YES_ERROR;
				GCC_WARN_UNDECLARED_SELECTOR = YES;
				GCC_WARN_UNINITIALIZED_AUTOS = YES_AGGRESSIVE;
				GCC_WARN_UNUSED_FUNCTION = YES;
				GCC_WARN_UNUSED_VARIABLE = YES;
				MACOSX_DEPLOYMENT_TARGET = 10.12;
				MTL_ENABLE_DEBUG_INFO = NO;
				SDKROOT = macosx;
			};
			name = Release;
		};
		ED1A8C9D1F89B65300C3ABB6 /* Debug */ = {
			isa = XCBuildConfiguration;
			buildSettings = {
				PRODUCT_NAME = "$(TARGET_NAME)";
			};
			name = Debug;
		};
		ED1A8C9E1F89B65300C3ABB6 /* Release */ = {
			isa = XCBuildConfiguration;
			buildSettings = {
				PRODUCT_NAME = "$(TARGET_NAME)";
			};
			name = Release;
		};
/* End XCBuildConfiguration section */

/* Begin XCConfigurationList section */
		ED1A8C901F89B65300C3ABB6 /* Build configuration list for PBXProject "Chat" */ = {
			isa = XCConfigurationList;
			buildConfigurations = (
				ED1A8C9A1F89B65300C3ABB6 /* Debug */,
				ED1A8C9B1F89B65300C3ABB6 /* Release */,
			);
			defaultConfigurationIsVisible = 0;
			defaultConfigurationName = Release;
		};
		ED1A8C9C1F89B65300C3ABB6 /* Build configuration list for PBXNativeTarget "Chat" */ = {
			isa = XCConfigurationList;
			buildConfigurations = (
				ED1A8C9D1F89B65300C3ABB6 /* Debug */,
				ED1A8C9E1F89B65300C3ABB6 /* Release */,
			);
			defaultConfigurationIsVisible = 0;
		};
/* End XCConfigurationList section */
	};
	rootObject = ED1A8C8D1F89B65300C3ABB6 /* Project object */;
}
